// !$*UTF8*$!
{
	archiveVersion = 1;
	classes = {
	};
	objectVersion = 46;
	objects = {

/* Begin PBXBuildFile section */
		05BE49C2C7F0474F8866691B /* libPods.a in Frameworks */ = {isa = PBXBuildFile; fileRef = 84754954A5A6408EAACE5BC3 /* libPods.a */; };
		AB0A66C519BAD6A900553CDC /* HCP.xcdatamodeld in Sources */ = {isa = PBXBuildFile; fileRef = AB0A66C319BAD6A900553CDC /* HCP.xcdatamodeld */; };
		AB0FD7BB19BB32F600649C47 /* HomeWizardDiscoveryViewController.swift in Sources */ = {isa = PBXBuildFile; fileRef = AB0FD7B919BB32F600649C47 /* HomeWizardDiscoveryViewController.swift */; };
		AB0FD7BC19BB32F600649C47 /* HomeWizardSensorManagementViewController.swift in Sources */ = {isa = PBXBuildFile; fileRef = AB0FD7BA19BB32F600649C47 /* HomeWizardSensorManagementViewController.swift */; };
		AB1340C019C30179009A1F09 /* MenuViewController.swift in Sources */ = {isa = PBXBuildFile; fileRef = AB1340BF19C30179009A1F09 /* MenuViewController.swift */; };
		AB1340E119C56EDE009A1F09 /* Default.css in Resources */ = {isa = PBXBuildFile; fileRef = AB1340E019C56EDE009A1F09 /* Default.css */; };
		AB1831ED19CA245E007BB5B9 /* SwitchCell.swift in Sources */ = {isa = PBXBuildFile; fileRef = AB1831EC19CA245E007BB5B9 /* SwitchCell.swift */; };
		AB19DA7A19C2420300F57D60 /* ArrayExtensions.swift in Sources */ = {isa = PBXBuildFile; fileRef = AB19DA7919C2420300F57D60 /* ArrayExtensions.swift */; };
		AB19DA7C19C2BBAB00F57D60 /* _Asun.swift in Sources */ = {isa = PBXBuildFile; fileRef = AB19DA7B19C2BBAB00F57D60 /* _Asun.swift */; };
		AB19DA7E19C2BBBA00F57D60 /* Asun.swift in Sources */ = {isa = PBXBuildFile; fileRef = AB19DA7D19C2BBBA00F57D60 /* Asun.swift */; };
		AB19DA8F19C2C8CF00F57D60 /* ContainerViewController.swift in Sources */ = {isa = PBXBuildFile; fileRef = AB19DA8C19C2C8CF00F57D60 /* ContainerViewController.swift */; };
		AB19DA9019C2C8CF00F57D60 /* RoomsViewController.swift in Sources */ = {isa = PBXBuildFile; fileRef = AB19DA8D19C2C8CF00F57D60 /* RoomsViewController.swift */; };
		AB19DA9119C2C8CF00F57D60 /* DevicesViewController.swift in Sources */ = {isa = PBXBuildFile; fileRef = AB19DA8E19C2C8CF00F57D60 /* DevicesViewController.swift */; };
		AB56FC0119C959F700150666 /* SensorCell.swift in Sources */ = {isa = PBXBuildFile; fileRef = AB56FC0019C959F700150666 /* SensorCell.swift */; };
		AB5977F619CBF66000DA0B7E /* SensorConfigurationViewController.swift in Sources */ = {isa = PBXBuildFile; fileRef = AB5977F519CBF66000DA0B7E /* SensorConfigurationViewController.swift */; };
		AB62E8FB19BF45CC00BD587A /* EntityFactory.swift in Sources */ = {isa = PBXBuildFile; fileRef = AB62E8FA19BF45CC00BD587A /* EntityFactory.swift */; };
		AB73CE0619C6B52B00B20EB2 /* Localizable.strings in Resources */ = {isa = PBXBuildFile; fileRef = AB73CE0519C6B52B00B20EB2 /* Localizable.strings */; };
		AB897EC019BFA4390065062E /* _EnergyLink.swift in Sources */ = {isa = PBXBuildFile; fileRef = AB897EBF19BFA4390065062E /* _EnergyLink.swift */; };
		AB897EC219BFA4450065062E /* EnergyLink.swift in Sources */ = {isa = PBXBuildFile; fileRef = AB897EC119BFA4450065062E /* EnergyLink.swift */; };
		AB897EC419BFA8B10065062E /* CombinedValue.swift in Sources */ = {isa = PBXBuildFile; fileRef = AB897EC319BFA8B10065062E /* CombinedValue.swift */; };
		AB897EC619C026F20065062E /* _Thermometer.swift in Sources */ = {isa = PBXBuildFile; fileRef = AB897EC519C026F20065062E /* _Thermometer.swift */; };
		AB897EC819C026FA0065062E /* Thermometer.swift in Sources */ = {isa = PBXBuildFile; fileRef = AB897EC719C026FA0065062E /* Thermometer.swift */; };
		AB897ECB19C1708E0065062E /* ControllerManager.swift in Sources */ = {isa = PBXBuildFile; fileRef = AB897ECA19C1708E0065062E /* ControllerManager.swift */; };
		ABB07EFD19BAD85600B02BFC /* _Controller.swift in Sources */ = {isa = PBXBuildFile; fileRef = ABB07EEF19BAD85600B02BFC /* _Controller.swift */; };
		ABB07EFE19BAD85600B02BFC /* _Dimmer.swift in Sources */ = {isa = PBXBuildFile; fileRef = ABB07EF019BAD85600B02BFC /* _Dimmer.swift */; };
		ABB07EFF19BAD85600B02BFC /* _HomeWizard.swift in Sources */ = {isa = PBXBuildFile; fileRef = ABB07EF119BAD85600B02BFC /* _HomeWizard.swift */; };
		ABB07F0019BAD85600B02BFC /* _HueBridge.swift in Sources */ = {isa = PBXBuildFile; fileRef = ABB07EF219BAD85600B02BFC /* _HueBridge.swift */; };
		ABB07F0119BAD85600B02BFC /* _Room.swift in Sources */ = {isa = PBXBuildFile; fileRef = ABB07EF319BAD85600B02BFC /* _Room.swift */; };
		ABB07F0219BAD85600B02BFC /* _Sensor.swift in Sources */ = {isa = PBXBuildFile; fileRef = ABB07EF419BAD85600B02BFC /* _Sensor.swift */; };
		ABB07F0319BAD85600B02BFC /* _Switch.swift in Sources */ = {isa = PBXBuildFile; fileRef = ABB07EF519BAD85600B02BFC /* _Switch.swift */; };
		ABB07F0419BAD85600B02BFC /* Controller.swift in Sources */ = {isa = PBXBuildFile; fileRef = ABB07EF619BAD85600B02BFC /* Controller.swift */; };
		ABB07F0519BAD85600B02BFC /* Dimmer.swift in Sources */ = {isa = PBXBuildFile; fileRef = ABB07EF719BAD85600B02BFC /* Dimmer.swift */; };
		ABB07F0619BAD85600B02BFC /* HomeWizard.swift in Sources */ = {isa = PBXBuildFile; fileRef = ABB07EF819BAD85600B02BFC /* HomeWizard.swift */; };
		ABB07F0719BAD85600B02BFC /* HueBridge.swift in Sources */ = {isa = PBXBuildFile; fileRef = ABB07EF919BAD85600B02BFC /* HueBridge.swift */; };
		ABB07F0819BAD85600B02BFC /* Room.swift in Sources */ = {isa = PBXBuildFile; fileRef = ABB07EFA19BAD85600B02BFC /* Room.swift */; };
		ABB07F0919BAD85600B02BFC /* Sensor.swift in Sources */ = {isa = PBXBuildFile; fileRef = ABB07EFB19BAD85600B02BFC /* Sensor.swift */; };
		ABB07F0A19BAD85600B02BFC /* Switch.swift in Sources */ = {isa = PBXBuildFile; fileRef = ABB07EFC19BAD85600B02BFC /* Switch.swift */; };
		ABBDB7EB19CA7F0B00A67AFA /* DimmerCell.swift in Sources */ = {isa = PBXBuildFile; fileRef = ABBDB7EA19CA7F0B00A67AFA /* DimmerCell.swift */; };
		ABBDB7ED19CAAE0600A67AFA /* EnergyLinkCell.swift in Sources */ = {isa = PBXBuildFile; fileRef = ABBDB7EC19CAAE0600A67AFA /* EnergyLinkCell.swift */; };
		ABBDB7EF19CAB20D00A67AFA /* ThermometerCell.swift in Sources */ = {isa = PBXBuildFile; fileRef = ABBDB7EE19CAB20D00A67AFA /* ThermometerCell.swift */; };
		ABE451BA19C8B771004BD73A /* XCGLogger.swift in Sources */ = {isa = PBXBuildFile; fileRef = ABE451B919C8B771004BD73A /* XCGLogger.swift */; };
		ABEAC82019A3D038004B309B /* AppDelegate.swift in Sources */ = {isa = PBXBuildFile; fileRef = ABEAC81F19A3D038004B309B /* AppDelegate.swift */; };
		ABEAC82A19A3D038004B309B /* Images.xcassets in Resources */ = {isa = PBXBuildFile; fileRef = ABEAC82919A3D038004B309B /* Images.xcassets */; };
		ABEAC83619A3D038004B309B /* HCPTests.swift in Sources */ = {isa = PBXBuildFile; fileRef = ABEAC83519A3D038004B309B /* HCPTests.swift */; };
/* End PBXBuildFile section */

/* Begin PBXContainerItemProxy section */
		ABEAC83019A3D038004B309B /* PBXContainerItemProxy */ = {
			isa = PBXContainerItemProxy;
			containerPortal = ABEAC81219A3D038004B309B /* Project object */;
			proxyType = 1;
			remoteGlobalIDString = ABEAC81919A3D038004B309B;
			remoteInfo = HCP;
		};
/* End PBXContainerItemProxy section */

/* Begin PBXCopyFilesBuildPhase section */
		ABC0250819A522FB00A5125C /* CopyFiles */ = {
			isa = PBXCopyFilesBuildPhase;
			buildActionMask = 2147483647;
			dstPath = "";
			dstSubfolderSpec = 10;
			files = (
			);
			runOnlyForDeploymentPostprocessing = 0;
		};
/* End PBXCopyFilesBuildPhase section */

/* Begin PBXFileReference section */
		84754954A5A6408EAACE5BC3 /* libPods.a */ = {isa = PBXFileReference; explicitFileType = archive.ar; includeInIndex = 0; path = libPods.a; sourceTree = BUILT_PRODUCTS_DIR; };
		A869C26219E34A47B566414F /* Pods.xcconfig */ = {isa = PBXFileReference; includeInIndex = 1; lastKnownFileType = text.xcconfig; name = Pods.xcconfig; path = Pods/Pods.xcconfig; sourceTree = "<group>"; };
		AB0A66C419BAD6A900553CDC /* HCP.xcdatamodel */ = {isa = PBXFileReference; lastKnownFileType = wrapper.xcdatamodel; path = HCP.xcdatamodel; sourceTree = "<group>"; };
		AB0FD7B919BB32F600649C47 /* HomeWizardDiscoveryViewController.swift */ = {isa = PBXFileReference; fileEncoding = 4; lastKnownFileType = sourcecode.swift; path = HomeWizardDiscoveryViewController.swift; sourceTree = "<group>"; };
		AB0FD7BA19BB32F600649C47 /* HomeWizardSensorManagementViewController.swift */ = {isa = PBXFileReference; fileEncoding = 4; lastKnownFileType = sourcecode.swift; path = HomeWizardSensorManagementViewController.swift; sourceTree = "<group>"; };
		AB1340BF19C30179009A1F09 /* MenuViewController.swift */ = {isa = PBXFileReference; fileEncoding = 4; lastKnownFileType = sourcecode.swift; path = MenuViewController.swift; sourceTree = "<group>"; };
		AB1340E019C56EDE009A1F09 /* Default.css */ = {isa = PBXFileReference; fileEncoding = 4; lastKnownFileType = text.css; path = Default.css; sourceTree = "<group>"; };
		AB14499B19A3D46C00BBE6ED /* HCP-Bridging-Header.h */ = {isa = PBXFileReference; fileEncoding = 4; lastKnownFileType = sourcecode.c.h; path = "HCP-Bridging-Header.h"; sourceTree = "<group>"; };
		AB1831EC19CA245E007BB5B9 /* SwitchCell.swift */ = {isa = PBXFileReference; fileEncoding = 4; lastKnownFileType = sourcecode.swift; name = SwitchCell.swift; path = CollectionViewCells/SwitchCell.swift; sourceTree = "<group>"; };
		AB19DA7919C2420300F57D60 /* ArrayExtensions.swift */ = {isa = PBXFileReference; fileEncoding = 4; lastKnownFileType = sourcecode.swift; path = ArrayExtensions.swift; sourceTree = "<group>"; };
		AB19DA7B19C2BBAB00F57D60 /* _Asun.swift */ = {isa = PBXFileReference; fileEncoding = 4; lastKnownFileType = sourcecode.swift; path = _Asun.swift; sourceTree = "<group>"; };
		AB19DA7D19C2BBBA00F57D60 /* Asun.swift */ = {isa = PBXFileReference; fileEncoding = 4; lastKnownFileType = sourcecode.swift; path = Asun.swift; sourceTree = "<group>"; };
		AB19DA8C19C2C8CF00F57D60 /* ContainerViewController.swift */ = {isa = PBXFileReference; fileEncoding = 4; lastKnownFileType = sourcecode.swift; path = ContainerViewController.swift; sourceTree = "<group>"; };
		AB19DA8D19C2C8CF00F57D60 /* RoomsViewController.swift */ = {isa = PBXFileReference; fileEncoding = 4; lastKnownFileType = sourcecode.swift; path = RoomsViewController.swift; sourceTree = "<group>"; };
		AB19DA8E19C2C8CF00F57D60 /* DevicesViewController.swift */ = {isa = PBXFileReference; fileEncoding = 4; lastKnownFileType = sourcecode.swift; path = DevicesViewController.swift; sourceTree = "<group>"; };
		AB56FC0019C959F700150666 /* SensorCell.swift */ = {isa = PBXFileReference; fileEncoding = 4; lastKnownFileType = sourcecode.swift; name = SensorCell.swift; path = CollectionViewCells/SensorCell.swift; sourceTree = "<group>"; };
		AB5977F519CBF66000DA0B7E /* SensorConfigurationViewController.swift */ = {isa = PBXFileReference; fileEncoding = 4; lastKnownFileType = sourcecode.swift; name = SensorConfigurationViewController.swift; path = HCP/Classes/ViewControllers/SensorConfigurationViewController.swift; sourceTree = SOURCE_ROOT; };
		AB62E8FA19BF45CC00BD587A /* EntityFactory.swift */ = {isa = PBXFileReference; fileEncoding = 4; lastKnownFileType = sourcecode.swift; path = EntityFactory.swift; sourceTree = "<group>"; };
		AB73CE0519C6B52B00B20EB2 /* Localizable.strings */ = {isa = PBXFileReference; fileEncoding = 4; lastKnownFileType = text.plist.strings; path = Localizable.strings; sourceTree = "<group>"; };
		AB897EBF19BFA4390065062E /* _EnergyLink.swift */ = {isa = PBXFileReference; fileEncoding = 4; lastKnownFileType = sourcecode.swift; path = _EnergyLink.swift; sourceTree = "<group>"; };
		AB897EC119BFA4450065062E /* EnergyLink.swift */ = {isa = PBXFileReference; fileEncoding = 4; lastKnownFileType = sourcecode.swift; path = EnergyLink.swift; sourceTree = "<group>"; };
		AB897EC319BFA8B10065062E /* CombinedValue.swift */ = {isa = PBXFileReference; fileEncoding = 4; lastKnownFileType = sourcecode.swift; path = CombinedValue.swift; sourceTree = "<group>"; };
		AB897EC519C026F20065062E /* _Thermometer.swift */ = {isa = PBXFileReference; fileEncoding = 4; lastKnownFileType = sourcecode.swift; path = _Thermometer.swift; sourceTree = "<group>"; };
		AB897EC719C026FA0065062E /* Thermometer.swift */ = {isa = PBXFileReference; fileEncoding = 4; lastKnownFileType = sourcecode.swift; path = Thermometer.swift; sourceTree = "<group>"; };
		AB897ECA19C1708E0065062E /* ControllerManager.swift */ = {isa = PBXFileReference; fileEncoding = 4; lastKnownFileType = sourcecode.swift; path = ControllerManager.swift; sourceTree = "<group>"; };
		ABB07EEF19BAD85600B02BFC /* _Controller.swift */ = {isa = PBXFileReference; fileEncoding = 4; lastKnownFileType = sourcecode.swift; path = _Controller.swift; sourceTree = "<group>"; };
		ABB07EF019BAD85600B02BFC /* _Dimmer.swift */ = {isa = PBXFileReference; fileEncoding = 4; lastKnownFileType = sourcecode.swift; path = _Dimmer.swift; sourceTree = "<group>"; };
		ABB07EF119BAD85600B02BFC /* _HomeWizard.swift */ = {isa = PBXFileReference; fileEncoding = 4; lastKnownFileType = sourcecode.swift; path = _HomeWizard.swift; sourceTree = "<group>"; };
		ABB07EF219BAD85600B02BFC /* _HueBridge.swift */ = {isa = PBXFileReference; fileEncoding = 4; lastKnownFileType = sourcecode.swift; path = _HueBridge.swift; sourceTree = "<group>"; };
		ABB07EF319BAD85600B02BFC /* _Room.swift */ = {isa = PBXFileReference; fileEncoding = 4; lastKnownFileType = sourcecode.swift; path = _Room.swift; sourceTree = "<group>"; };
		ABB07EF419BAD85600B02BFC /* _Sensor.swift */ = {isa = PBXFileReference; fileEncoding = 4; lastKnownFileType = sourcecode.swift; path = _Sensor.swift; sourceTree = "<group>"; };
		ABB07EF519BAD85600B02BFC /* _Switch.swift */ = {isa = PBXFileReference; fileEncoding = 4; lastKnownFileType = sourcecode.swift; path = _Switch.swift; sourceTree = "<group>"; };
		ABB07EF619BAD85600B02BFC /* Controller.swift */ = {isa = PBXFileReference; fileEncoding = 4; lastKnownFileType = sourcecode.swift; path = Controller.swift; sourceTree = "<group>"; };
		ABB07EF719BAD85600B02BFC /* Dimmer.swift */ = {isa = PBXFileReference; fileEncoding = 4; lastKnownFileType = sourcecode.swift; path = Dimmer.swift; sourceTree = "<group>"; };
		ABB07EF819BAD85600B02BFC /* HomeWizard.swift */ = {isa = PBXFileReference; fileEncoding = 4; lastKnownFileType = sourcecode.swift; path = HomeWizard.swift; sourceTree = "<group>"; };
		ABB07EF919BAD85600B02BFC /* HueBridge.swift */ = {isa = PBXFileReference; fileEncoding = 4; lastKnownFileType = sourcecode.swift; path = HueBridge.swift; sourceTree = "<group>"; };
		ABB07EFA19BAD85600B02BFC /* Room.swift */ = {isa = PBXFileReference; fileEncoding = 4; lastKnownFileType = sourcecode.swift; path = Room.swift; sourceTree = "<group>"; };
		ABB07EFB19BAD85600B02BFC /* Sensor.swift */ = {isa = PBXFileReference; fileEncoding = 4; lastKnownFileType = sourcecode.swift; path = Sensor.swift; sourceTree = "<group>"; };
		ABB07EFC19BAD85600B02BFC /* Switch.swift */ = {isa = PBXFileReference; fileEncoding = 4; lastKnownFileType = sourcecode.swift; path = Switch.swift; sourceTree = "<group>"; };
		ABBDB7EA19CA7F0B00A67AFA /* DimmerCell.swift */ = {isa = PBXFileReference; fileEncoding = 4; lastKnownFileType = sourcecode.swift; name = DimmerCell.swift; path = CollectionViewCells/DimmerCell.swift; sourceTree = "<group>"; };
		ABBDB7EC19CAAE0600A67AFA /* EnergyLinkCell.swift */ = {isa = PBXFileReference; fileEncoding = 4; lastKnownFileType = sourcecode.swift; name = EnergyLinkCell.swift; path = CollectionViewCells/EnergyLinkCell.swift; sourceTree = "<group>"; };
		ABBDB7EE19CAB20D00A67AFA /* ThermometerCell.swift */ = {isa = PBXFileReference; fileEncoding = 4; lastKnownFileType = sourcecode.swift; name = ThermometerCell.swift; path = CollectionViewCells/ThermometerCell.swift; sourceTree = "<group>"; };
		ABE451B819C8B771004BD73A /* XCGLogger.h */ = {isa = PBXFileReference; fileEncoding = 4; lastKnownFileType = sourcecode.c.h; path = XCGLogger.h; sourceTree = "<group>"; };
		ABE451B919C8B771004BD73A /* XCGLogger.swift */ = {isa = PBXFileReference; fileEncoding = 4; lastKnownFileType = sourcecode.swift; path = XCGLogger.swift; sourceTree = "<group>"; };
		ABEAC81A19A3D038004B309B /* HCP.app */ = {isa = PBXFileReference; explicitFileType = wrapper.application; includeInIndex = 0; path = HCP.app; sourceTree = BUILT_PRODUCTS_DIR; };
		ABEAC81E19A3D038004B309B /* Info.plist */ = {isa = PBXFileReference; lastKnownFileType = text.plist.xml; path = Info.plist; sourceTree = "<group>"; };
		ABEAC81F19A3D038004B309B /* AppDelegate.swift */ = {isa = PBXFileReference; lastKnownFileType = sourcecode.swift; path = AppDelegate.swift; sourceTree = "<group>"; };
		ABEAC82919A3D038004B309B /* Images.xcassets */ = {isa = PBXFileReference; lastKnownFileType = folder.assetcatalog; path = Images.xcassets; sourceTree = "<group>"; };
		ABEAC82F19A3D038004B309B /* HCPTests.xctest */ = {isa = PBXFileReference; explicitFileType = wrapper.cfbundle; includeInIndex = 0; path = HCPTests.xctest; sourceTree = BUILT_PRODUCTS_DIR; };
		ABEAC83419A3D038004B309B /* Info.plist */ = {isa = PBXFileReference; lastKnownFileType = text.plist.xml; path = Info.plist; sourceTree = "<group>"; };
		ABEAC83519A3D038004B309B /* HCPTests.swift */ = {isa = PBXFileReference; lastKnownFileType = sourcecode.swift; path = HCPTests.swift; sourceTree = "<group>"; };
/* End PBXFileReference section */

/* Begin PBXFrameworksBuildPhase section */
		ABEAC81719A3D038004B309B /* Frameworks */ = {
			isa = PBXFrameworksBuildPhase;
			buildActionMask = 2147483647;
			files = (
				05BE49C2C7F0474F8866691B /* libPods.a in Frameworks */,
			);
			runOnlyForDeploymentPostprocessing = 0;
		};
		ABEAC82C19A3D038004B309B /* Frameworks */ = {
			isa = PBXFrameworksBuildPhase;
			buildActionMask = 2147483647;
			files = (
			);
			runOnlyForDeploymentPostprocessing = 0;
		};
/* End PBXFrameworksBuildPhase section */

/* Begin PBXGroup section */
		06793957B9564696B03882BA /* Frameworks */ = {
			isa = PBXGroup;
			children = (
				84754954A5A6408EAACE5BC3 /* libPods.a */,
			);
			name = Frameworks;
			sourceTree = "<group>";
		};
		AB0FD7B819BB32F600649C47 /* HomeWizard */ = {
			isa = PBXGroup;
			children = (
				AB0FD7B919BB32F600649C47 /* HomeWizardDiscoveryViewController.swift */,
				AB0FD7BA19BB32F600649C47 /* HomeWizardSensorManagementViewController.swift */,
				AB5977F519CBF66000DA0B7E /* SensorConfigurationViewController.swift */,
			);
			path = HomeWizard;
			sourceTree = "<group>";
		};
		AB1340C219C56E84009A1F09 /* Resources */ = {
			isa = PBXGroup;
			children = (
				AB73CE0419C6B52B00B20EB2 /* Localization */,
				AB1340DE19C56ECC009A1F09 /* Stylesheets */,
			);
			path = Resources;
			sourceTree = "<group>";
		};
		AB1340DE19C56ECC009A1F09 /* Stylesheets */ = {
			isa = PBXGroup;
			children = (
				AB1340DF19C56ECC009A1F09 /* Default */,
			);
			path = Stylesheets;
			sourceTree = "<group>";
		};
		AB1340DF19C56ECC009A1F09 /* Default */ = {
			isa = PBXGroup;
			children = (
				AB1340E019C56EDE009A1F09 /* Default.css */,
			);
			path = Default;
			sourceTree = "<group>";
		};
		AB19DA7819C241F200F57D60 /* Extensions */ = {
			isa = PBXGroup;
			children = (
				AB19DA7919C2420300F57D60 /* ArrayExtensions.swift */,
			);
			path = Extensions;
			sourceTree = "<group>";
		};
		AB56FBFE19C9596100150666 /* CollectionViewCells */ = {
			isa = PBXGroup;
			children = (
				AB56FBFF19C959CD00150666 /* SensorCell */,
			);
			name = CollectionViewCells;
			sourceTree = "<group>";
		};
		AB56FBFF19C959CD00150666 /* SensorCell */ = {
			isa = PBXGroup;
			children = (
				ABBDB7EA19CA7F0B00A67AFA /* DimmerCell.swift */,
				ABBDB7EC19CAAE0600A67AFA /* EnergyLinkCell.swift */,
				AB56FC0019C959F700150666 /* SensorCell.swift */,
				AB1831EC19CA245E007BB5B9 /* SwitchCell.swift */,
				ABBDB7EE19CAB20D00A67AFA /* ThermometerCell.swift */,
			);
			name = SensorCell;
			sourceTree = "<group>";
		};
		AB73CE0419C6B52B00B20EB2 /* Localization */ = {
			isa = PBXGroup;
			children = (
				AB73CE0519C6B52B00B20EB2 /* Localizable.strings */,
			);
			path = Localization;
			sourceTree = "<group>";
		};
		AB897EC919C034C80065062E /* Switches */ = {
			isa = PBXGroup;
			children = (
				AB19DA7D19C2BBBA00F57D60 /* Asun.swift */,
				ABB07EF719BAD85600B02BFC /* Dimmer.swift */,
				ABB07EFC19BAD85600B02BFC /* Switch.swift */,
			);
			name = Switches;
			sourceTree = "<group>";
		};
		ABA7C57019BAD37A0085A730 /* Classes */ = {
			isa = PBXGroup;
			children = (
				AB19DA7819C241F200F57D60 /* Extensions */,
				ABB07EED19BAD85600B02BFC /* Models */,
				ABA7C58819BAD37A0085A730 /* ViewControllers */,
				ABE451B719C8B771004BD73A /* XCGLogger */,
				AB56FBFE19C9596100150666 /* CollectionViewCells */,
			);
			path = Classes;
			sourceTree = "<group>";
		};
		ABA7C58819BAD37A0085A730 /* ViewControllers */ = {
			isa = PBXGroup;
			children = (
				AB19DA8C19C2C8CF00F57D60 /* ContainerViewController.swift */,
				AB19DA8E19C2C8CF00F57D60 /* DevicesViewController.swift */,
				AB1340BF19C30179009A1F09 /* MenuViewController.swift */,
				AB19DA8D19C2C8CF00F57D60 /* RoomsViewController.swift */,
				AB0FD7B819BB32F600649C47 /* HomeWizard */,
			);
			path = ViewControllers;
			sourceTree = "<group>";
		};
		ABB07EED19BAD85600B02BFC /* Models */ = {
			isa = PBXGroup;
			children = (
				ABB07EEE19BAD85600B02BFC /* _Machine */,
				ABB07F0B19BAD9F500B02BFC /* Controller */,
				ABB07F0C19BADA1D00B02BFC /* HomeWizard */,
				ABB07EFA19BAD85600B02BFC /* Room.swift */,
				ABB07EFB19BAD85600B02BFC /* Sensor.swift */,
				AB62E8FA19BF45CC00BD587A /* EntityFactory.swift */,
				AB897EC319BFA8B10065062E /* CombinedValue.swift */,
				AB897ECA19C1708E0065062E /* ControllerManager.swift */,
			);
			path = Models;
			sourceTree = "<group>";
		};
		ABB07EEE19BAD85600B02BFC /* _Machine */ = {
			isa = PBXGroup;
			children = (
				AB19DA7B19C2BBAB00F57D60 /* _Asun.swift */,
				ABB07EEF19BAD85600B02BFC /* _Controller.swift */,
				ABB07EF019BAD85600B02BFC /* _Dimmer.swift */,
				AB897EBF19BFA4390065062E /* _EnergyLink.swift */,
				ABB07EF119BAD85600B02BFC /* _HomeWizard.swift */,
				ABB07EF219BAD85600B02BFC /* _HueBridge.swift */,
				ABB07EF319BAD85600B02BFC /* _Room.swift */,
				ABB07EF419BAD85600B02BFC /* _Sensor.swift */,
				ABB07EF519BAD85600B02BFC /* _Switch.swift */,
				AB897EC519C026F20065062E /* _Thermometer.swift */,
			);
			path = _Machine;
			sourceTree = "<group>";
		};
		ABB07F0B19BAD9F500B02BFC /* Controller */ = {
			isa = PBXGroup;
			children = (
				ABB07EF619BAD85600B02BFC /* Controller.swift */,
				ABB07EF819BAD85600B02BFC /* HomeWizard.swift */,
				ABB07EF919BAD85600B02BFC /* HueBridge.swift */,
			);
			name = Controller;
			sourceTree = "<group>";
		};
		ABB07F0C19BADA1D00B02BFC /* HomeWizard */ = {
			isa = PBXGroup;
			children = (
				AB897EC919C034C80065062E /* Switches */,
				AB897EC119BFA4450065062E /* EnergyLink.swift */,
				AB897EC719C026FA0065062E /* Thermometer.swift */,
			);
			name = HomeWizard;
			sourceTree = "<group>";
		};
		ABE451B719C8B771004BD73A /* XCGLogger */ = {
			isa = PBXGroup;
			children = (
				ABE451B819C8B771004BD73A /* XCGLogger.h */,
				ABE451B919C8B771004BD73A /* XCGLogger.swift */,
			);
			path = XCGLogger;
			sourceTree = "<group>";
		};
		ABEAC81119A3D038004B309B = {
			isa = PBXGroup;
			children = (
				ABEAC81C19A3D038004B309B /* HCP */,
				ABEAC83219A3D038004B309B /* HCPTests */,
				ABEAC81B19A3D038004B309B /* Products */,
				A869C26219E34A47B566414F /* Pods.xcconfig */,
				06793957B9564696B03882BA /* Frameworks */,
			);
			sourceTree = "<group>";
		};
		ABEAC81B19A3D038004B309B /* Products */ = {
			isa = PBXGroup;
			children = (
				ABEAC81A19A3D038004B309B /* HCP.app */,
				ABEAC82F19A3D038004B309B /* HCPTests.xctest */,
			);
			name = Products;
			sourceTree = "<group>";
		};
		ABEAC81C19A3D038004B309B /* HCP */ = {
			isa = PBXGroup;
			children = (
				ABEAC81F19A3D038004B309B /* AppDelegate.swift */,
				ABA7C57019BAD37A0085A730 /* Classes */,
				AB0A66C319BAD6A900553CDC /* HCP.xcdatamodeld */,
				ABEAC82919A3D038004B309B /* Images.xcassets */,
				AB1340C219C56E84009A1F09 /* Resources */,
				ABEAC81D19A3D038004B309B /* Supporting Files */,
			);
			path = HCP;
			sourceTree = "<group>";
		};
		ABEAC81D19A3D038004B309B /* Supporting Files */ = {
			isa = PBXGroup;
			children = (
				AB14499B19A3D46C00BBE6ED /* HCP-Bridging-Header.h */,
				ABEAC81E19A3D038004B309B /* Info.plist */,
			);
			name = "Supporting Files";
			sourceTree = "<group>";
		};
		ABEAC83219A3D038004B309B /* HCPTests */ = {
			isa = PBXGroup;
			children = (
				ABEAC83519A3D038004B309B /* HCPTests.swift */,
				ABEAC83319A3D038004B309B /* Supporting Files */,
			);
			path = HCPTests;
			sourceTree = "<group>";
		};
		ABEAC83319A3D038004B309B /* Supporting Files */ = {
			isa = PBXGroup;
			children = (
				ABEAC83419A3D038004B309B /* Info.plist */,
			);
			name = "Supporting Files";
			sourceTree = "<group>";
		};
/* End PBXGroup section */

/* Begin PBXNativeTarget section */
		ABEAC81919A3D038004B309B /* HCP */ = {
			isa = PBXNativeTarget;
			buildConfigurationList = ABEAC83919A3D038004B309B /* Build configuration list for PBXNativeTarget "HCP" */;
			buildPhases = (
				ABF617C119B30246007E920D /* ShellScript */,
				9D07EB8ABB6D4FB0B1ECCF61 /* Check Pods Manifest.lock */,
				ABEAC81619A3D038004B309B /* Sources */,
				ABEAC81719A3D038004B309B /* Frameworks */,
				ABEAC81819A3D038004B309B /* Resources */,
				D1AE5693A05B4CD0AADE8506 /* Copy Pods Resources */,
				ABC0250819A522FB00A5125C /* CopyFiles */,
				AB67A6D419C611880034EB83 /* ShellScript */,
			);
			buildRules = (
			);
			dependencies = (
			);
			name = HCP;
			productName = HCP;
			productReference = ABEAC81A19A3D038004B309B /* HCP.app */;
			productType = "com.apple.product-type.application";
		};
		ABEAC82E19A3D038004B309B /* HCPTests */ = {
			isa = PBXNativeTarget;
			buildConfigurationList = ABEAC83C19A3D038004B309B /* Build configuration list for PBXNativeTarget "HCPTests" */;
			buildPhases = (
				ABEAC82B19A3D038004B309B /* Sources */,
				ABEAC82C19A3D038004B309B /* Frameworks */,
				ABEAC82D19A3D038004B309B /* Resources */,
			);
			buildRules = (
			);
			dependencies = (
				ABEAC83119A3D038004B309B /* PBXTargetDependency */,
			);
			name = HCPTests;
			productName = HCPTests;
			productReference = ABEAC82F19A3D038004B309B /* HCPTests.xctest */;
			productType = "com.apple.product-type.bundle.unit-test";
		};
/* End PBXNativeTarget section */

/* Begin PBXProject section */
		ABEAC81219A3D038004B309B /* Project object */ = {
			isa = PBXProject;
			attributes = {
				LastUpgradeCheck = 0600;
				ORGANIZATIONNAME = "Wim Haanstra";
				TargetAttributes = {
					ABEAC81919A3D038004B309B = {
						CreatedOnToolsVersion = 6.0;
						DevelopmentTeam = VL6GQ32BN6;
					};
					ABEAC82E19A3D038004B309B = {
						CreatedOnToolsVersion = 6.0;
						TestTargetID = ABEAC81919A3D038004B309B;
					};
				};
			};
			buildConfigurationList = ABEAC81519A3D038004B309B /* Build configuration list for PBXProject "HCP" */;
			compatibilityVersion = "Xcode 3.2";
			developmentRegion = English;
			hasScannedForEncodings = 0;
			knownRegions = (
				en,
				Base,
			);
			mainGroup = ABEAC81119A3D038004B309B;
			productRefGroup = ABEAC81B19A3D038004B309B /* Products */;
			projectDirPath = "";
			projectRoot = "";
			targets = (
				ABEAC81919A3D038004B309B /* HCP */,
				ABEAC82E19A3D038004B309B /* HCPTests */,
			);
		};
/* End PBXProject section */

/* Begin PBXResourcesBuildPhase section */
		ABEAC81819A3D038004B309B /* Resources */ = {
			isa = PBXResourcesBuildPhase;
			buildActionMask = 2147483647;
			files = (
				AB1340E119C56EDE009A1F09 /* Default.css in Resources */,
				AB73CE0619C6B52B00B20EB2 /* Localizable.strings in Resources */,
				ABEAC82A19A3D038004B309B /* Images.xcassets in Resources */,
			);
			runOnlyForDeploymentPostprocessing = 0;
		};
		ABEAC82D19A3D038004B309B /* Resources */ = {
			isa = PBXResourcesBuildPhase;
			buildActionMask = 2147483647;
			files = (
			);
			runOnlyForDeploymentPostprocessing = 0;
		};
/* End PBXResourcesBuildPhase section */

/* Begin PBXShellScriptBuildPhase section */
		9D07EB8ABB6D4FB0B1ECCF61 /* Check Pods Manifest.lock */ = {
			isa = PBXShellScriptBuildPhase;
			buildActionMask = 2147483647;
			files = (
			);
			inputPaths = (
			);
			name = "Check Pods Manifest.lock";
			outputPaths = (
			);
			runOnlyForDeploymentPostprocessing = 0;
			shellPath = /bin/sh;
			shellScript = "diff \"${PODS_ROOT}/../Podfile.lock\" \"${PODS_ROOT}/Manifest.lock\" > /dev/null\nif [[ $? != 0 ]] ; then\n    cat << EOM\nerror: The sandbox is not in sync with the Podfile.lock. Run 'pod install' or update your CocoaPods installation.\nEOM\n    exit 1\nfi\n";
			showEnvVarsInLog = 0;
		};
		AB67A6D419C611880034EB83 /* ShellScript */ = {
			isa = PBXShellScriptBuildPhase;
			buildActionMask = 2147483647;
			files = (
			);
			inputPaths = (
			);
			outputPaths = (
			);
			runOnlyForDeploymentPostprocessing = 0;
			shellPath = /usr/bin/ruby;
			shellScript = "def get_file_as_string(filename)\ndata = ''\nf = File.open(filename, \"r\")\nf.each_line do |line|\ndata += line\nend\nreturn data\nend\n\n\ndef handle_alpha_beta(old_value, letter, infoplist, start_of_value, end_of_value)\nparts = old_value.split(letter)\nversion_num = parts[0]\nalpha_num = parts[1].to_i\n\nalpha_num = alpha_num + 1\nnew_version = version_num.to_s + letter + alpha_num.to_s\nprint \"Assigning new version: \" + new_version + \"\\n\"\nnew_key = \"<string>#{new_version}</string>\"\n\npart_1 = infoplist[0, start_of_value - '<string>'.length];\npart_2 = new_key\npart_3 = infoplist[end_of_value + \"</string>\".length, infoplist.length - (end_of_value - start_of_value + (new_key.length - 1))]\n\nnew_info_plist = part_1 + part_2 + part_3\nnew_info_plist\nend\n\ndef find_and_increment_version_number_with_key(key, infoplist)\n\nstart_of_key = infoplist.index(key)\nstart_of_value = infoplist.index(\"<string>\", start_of_key) + \"<string>\".length\nend_of_value = infoplist.index(\"</string>\", start_of_value)\nold_value = infoplist[start_of_value, end_of_value - start_of_value]\n\nprint \"Old version for \" + key + \": \" + old_value + \"\\n\"\nprint old_value.class.to_s + \"\\n\"\nold_value_int = old_value.to_i\nprint old_value_int.class.to_s + \"\\n\"\nif (old_value.index(\"a\") != nil) # alpha\ninfoplist = handle_alpha_beta(old_value, \"a\", infoplist, start_of_value, end_of_value)\nelsif (old_value.index(\"b\") != nil) # beta\ninfoplist = handle_alpha_beta(old_value, \"b\", infoplist, start_of_value, end_of_value)\nelsif (old_value.index(\".\") != nil) # release dot version\nparts = old_value.split(\".\")\nlast_part = parts.last.to_i\nlast_part = last_part + 1\nparts.delete(parts.last)\n\nnew_version = \"\"\nfirst = true\nparts.each do |one_part|\nif (first)\nfirst = false\nelse\nnew_version = new_version + \".\"\nend\nnew_version = new_version + one_part\nend\nnew_version = new_version.to_s + \".\" + last_part.to_s\nprint \"New version: \" + new_version.to_s + \"\\n\"\nnew_key = \"<string>#{new_version}</string>\"\ninfoplist = \"#{infoplist[0, start_of_value - '<string>'.length]}#{new_key}#{infoplist[end_of_value + '</string>'.length, infoplist.length - (end_of_value+1)]}\"\nelsif (old_value.to_i != nil) # straight integer build number\nnew_version = old_value.to_i + 1\nprint \"New version: \" + new_version.to_s + \"\\n\"\nnew_key = \"<string>#{new_version}</string>\"\n\npart_1 = infoplist[0, start_of_value - '<string>'.length]\npart_2 = new_key\npart_3 = infoplist[end_of_value + \"</string>\".length, infoplist.length - (end_of_value+1)]\ninfoplist = part_1 + part_2 + part_3\nend\ninfoplist\nend\n\n\n\nconfig = ENV['CONFIGURATION'].upcase\nconfig_build_dir = ENV['CONFIGURATION_BUILD_DIR']\n\narchive_action = false\nif (config_build_dir.include?(\"ArchiveIntermediates\"))\narchive_action = true\nend\n\nprint \"Archive: \" + archive_action.to_s + \"\\n\"\n\n\nprint config\n\nif (config != \"RELEASE\")\nprint \" incrementing build numbers\\n\"\nproject_dir = ENV['PROJECT_DIR']\ninfoplist_file = ENV['INFOPLIST_FILE']\nplist_filename = \"#{project_dir}/#{infoplist_file}\"\n\ninfoplist = get_file_as_string(plist_filename)\ninfoplist = find_and_increment_version_number_with_key(\"CFBundleVersion\", infoplist)\nFile.open(plist_filename, 'w') {|f| f.write(infoplist) }\nelse\nprint \" not incrementing build numbers\"\nend";
		};
		ABF617C119B30246007E920D /* ShellScript */ = {
			isa = PBXShellScriptBuildPhase;
			buildActionMask = 2147483647;
			files = (
			);
			inputPaths = (
			);
			outputPaths = (
			);
			runOnlyForDeploymentPostprocessing = 0;
			shellPath = /bin/sh;
			shellScript = "${SRCROOT}/mogenerator --model hcp/HCP.xcdatamodeld --machine-dir hcp/Classes/Models/_Machine --human-dir hcp/Classes/Models -s";
		};
		D1AE5693A05B4CD0AADE8506 /* Copy Pods Resources */ = {
			isa = PBXShellScriptBuildPhase;
			buildActionMask = 2147483647;
			files = (
			);
			inputPaths = (
			);
			name = "Copy Pods Resources";
			outputPaths = (
			);
			runOnlyForDeploymentPostprocessing = 0;
			shellPath = /bin/sh;
			shellScript = "\"${SRCROOT}/Pods/Pods-resources.sh\"\n";
			showEnvVarsInLog = 0;
		};
/* End PBXShellScriptBuildPhase section */

/* Begin PBXSourcesBuildPhase section */
		ABEAC81619A3D038004B309B /* Sources */ = {
			isa = PBXSourcesBuildPhase;
			buildActionMask = 2147483647;
			files = (
				AB897EC819C026FA0065062E /* Thermometer.swift in Sources */,
				ABE451BA19C8B771004BD73A /* XCGLogger.swift in Sources */,
				ABB07F0019BAD85600B02BFC /* _HueBridge.swift in Sources */,
				ABB07F0319BAD85600B02BFC /* _Switch.swift in Sources */,
				AB19DA9019C2C8CF00F57D60 /* RoomsViewController.swift in Sources */,
				ABBDB7EB19CA7F0B00A67AFA /* DimmerCell.swift in Sources */,
				ABBDB7EF19CAB20D00A67AFA /* ThermometerCell.swift in Sources */,
				AB897EC019BFA4390065062E /* _EnergyLink.swift in Sources */,
				ABB07F0819BAD85600B02BFC /* Room.swift in Sources */,
				ABB07F0519BAD85600B02BFC /* Dimmer.swift in Sources */,
				AB62E8FB19BF45CC00BD587A /* EntityFactory.swift in Sources */,
				ABB07EFE19BAD85600B02BFC /* _Dimmer.swift in Sources */,
				AB19DA7C19C2BBAB00F57D60 /* _Asun.swift in Sources */,
				AB56FC0119C959F700150666 /* SensorCell.swift in Sources */,
				AB1340C019C30179009A1F09 /* MenuViewController.swift in Sources */,
				ABBDB7ED19CAAE0600A67AFA /* EnergyLinkCell.swift in Sources */,
				ABEAC82019A3D038004B309B /* AppDelegate.swift in Sources */,
				ABB07F0619BAD85600B02BFC /* HomeWizard.swift in Sources */,
				AB19DA8F19C2C8CF00F57D60 /* ContainerViewController.swift in Sources */,
				ABB07F0719BAD85600B02BFC /* HueBridge.swift in Sources */,
				AB897EC619C026F20065062E /* _Thermometer.swift in Sources */,
				AB19DA7A19C2420300F57D60 /* ArrayExtensions.swift in Sources */,
				ABB07F0419BAD85600B02BFC /* Controller.swift in Sources */,
				ABB07F0119BAD85600B02BFC /* _Room.swift in Sources */,
				ABB07F0919BAD85600B02BFC /* Sensor.swift in Sources */,
				ABB07EFF19BAD85600B02BFC /* _HomeWizard.swift in Sources */,
				AB897EC219BFA4450065062E /* EnergyLink.swift in Sources */,
				AB1831ED19CA245E007BB5B9 /* SwitchCell.swift in Sources */,
				ABB07F0219BAD85600B02BFC /* _Sensor.swift in Sources */,
				AB897ECB19C1708E0065062E /* ControllerManager.swift in Sources */,
				AB0A66C519BAD6A900553CDC /* HCP.xcdatamodeld in Sources */,
				AB0FD7BB19BB32F600649C47 /* HomeWizardDiscoveryViewController.swift in Sources */,
				AB19DA7E19C2BBBA00F57D60 /* Asun.swift in Sources */,
				AB897EC419BFA8B10065062E /* CombinedValue.swift in Sources */,
				ABB07EFD19BAD85600B02BFC /* _Controller.swift in Sources */,
				ABB07F0A19BAD85600B02BFC /* Switch.swift in Sources */,
				AB19DA9119C2C8CF00F57D60 /* DevicesViewController.swift in Sources */,
				AB5977F619CBF66000DA0B7E /* SensorConfigurationViewController.swift in Sources */,
				AB0FD7BC19BB32F600649C47 /* HomeWizardSensorManagementViewController.swift in Sources */,
			);
			runOnlyForDeploymentPostprocessing = 0;
		};
		ABEAC82B19A3D038004B309B /* Sources */ = {
			isa = PBXSourcesBuildPhase;
			buildActionMask = 2147483647;
			files = (
				ABEAC83619A3D038004B309B /* HCPTests.swift in Sources */,
			);
			runOnlyForDeploymentPostprocessing = 0;
		};
/* End PBXSourcesBuildPhase section */

/* Begin PBXTargetDependency section */
		ABEAC83119A3D038004B309B /* PBXTargetDependency */ = {
			isa = PBXTargetDependency;
			target = ABEAC81919A3D038004B309B /* HCP */;
			targetProxy = ABEAC83019A3D038004B309B /* PBXContainerItemProxy */;
		};
/* End PBXTargetDependency section */

/* Begin XCBuildConfiguration section */
		ABEAC83719A3D038004B309B /* Debug */ = {
			isa = XCBuildConfiguration;
			buildSettings = {
				ALWAYS_SEARCH_USER_PATHS = NO;
				CLANG_CXX_LANGUAGE_STANDARD = "gnu++0x";
				CLANG_CXX_LIBRARY = "libc++";
				CLANG_ENABLE_MODULES = YES;
				CLANG_ENABLE_OBJC_ARC = YES;
				CLANG_WARN_BOOL_CONVERSION = YES;
				CLANG_WARN_CONSTANT_CONVERSION = YES;
				CLANG_WARN_DIRECT_OBJC_ISA_USAGE = YES_ERROR;
				CLANG_WARN_EMPTY_BODY = YES;
				CLANG_WARN_ENUM_CONVERSION = YES;
				CLANG_WARN_INT_CONVERSION = YES;
				CLANG_WARN_OBJC_ROOT_CLASS = YES_ERROR;
				CLANG_WARN_UNREACHABLE_CODE = YES;
				CLANG_WARN__DUPLICATE_METHOD_MATCH = YES;
				"CODE_SIGN_IDENTITY[sdk=iphoneos*]" = "iPhone Developer";
				COPY_PHASE_STRIP = NO;
				ENABLE_STRICT_OBJC_MSGSEND = YES;
				GCC_C_LANGUAGE_STANDARD = gnu99;
				GCC_DYNAMIC_NO_PIC = NO;
				GCC_OPTIMIZATION_LEVEL = 0;
				GCC_PREPROCESSOR_DEFINITIONS = (
					"DEBUG=1",
					"$(inherited)",
				);
				GCC_SYMBOLS_PRIVATE_EXTERN = NO;
				GCC_WARN_64_TO_32_BIT_CONVERSION = YES;
				GCC_WARN_ABOUT_RETURN_TYPE = YES_ERROR;
				GCC_WARN_UNDECLARED_SELECTOR = YES;
				GCC_WARN_UNINITIALIZED_AUTOS = YES_AGGRESSIVE;
				GCC_WARN_UNUSED_FUNCTION = YES;
				GCC_WARN_UNUSED_VARIABLE = YES;
				IPHONEOS_DEPLOYMENT_TARGET = 8.0;
				MTL_ENABLE_DEBUG_INFO = YES;
				ONLY_ACTIVE_ARCH = YES;
				SDKROOT = iphoneos;
				SWIFT_OPTIMIZATION_LEVEL = "-Onone";
				TARGETED_DEVICE_FAMILY = 2;
			};
			name = Debug;
		};
		ABEAC83819A3D038004B309B /* Release */ = {
			isa = XCBuildConfiguration;
			buildSettings = {
				ALWAYS_SEARCH_USER_PATHS = NO;
				CLANG_CXX_LANGUAGE_STANDARD = "gnu++0x";
				CLANG_CXX_LIBRARY = "libc++";
				CLANG_ENABLE_MODULES = YES;
				CLANG_ENABLE_OBJC_ARC = YES;
				CLANG_WARN_BOOL_CONVERSION = YES;
				CLANG_WARN_CONSTANT_CONVERSION = YES;
				CLANG_WARN_DIRECT_OBJC_ISA_USAGE = YES_ERROR;
				CLANG_WARN_EMPTY_BODY = YES;
				CLANG_WARN_ENUM_CONVERSION = YES;
				CLANG_WARN_INT_CONVERSION = YES;
				CLANG_WARN_OBJC_ROOT_CLASS = YES_ERROR;
				CLANG_WARN_UNREACHABLE_CODE = YES;
				CLANG_WARN__DUPLICATE_METHOD_MATCH = YES;
				"CODE_SIGN_IDENTITY[sdk=iphoneos*]" = "iPhone Developer";
				COPY_PHASE_STRIP = YES;
				ENABLE_NS_ASSERTIONS = NO;
				ENABLE_STRICT_OBJC_MSGSEND = YES;
				GCC_C_LANGUAGE_STANDARD = gnu99;
				GCC_WARN_64_TO_32_BIT_CONVERSION = YES;
				GCC_WARN_ABOUT_RETURN_TYPE = YES_ERROR;
				GCC_WARN_UNDECLARED_SELECTOR = YES;
				GCC_WARN_UNINITIALIZED_AUTOS = YES_AGGRESSIVE;
				GCC_WARN_UNUSED_FUNCTION = YES;
				GCC_WARN_UNUSED_VARIABLE = YES;
				IPHONEOS_DEPLOYMENT_TARGET = 8.0;
				MTL_ENABLE_DEBUG_INFO = NO;
				SDKROOT = iphoneos;
				TARGETED_DEVICE_FAMILY = 2;
				VALIDATE_PRODUCT = YES;
			};
			name = Release;
		};
		ABEAC83A19A3D038004B309B /* Debug */ = {
			isa = XCBuildConfiguration;
			baseConfigurationReference = A869C26219E34A47B566414F /* Pods.xcconfig */;
			buildSettings = {
				ASSETCATALOG_COMPILER_APPICON_NAME = AppIcon;
				ASSETCATALOG_COMPILER_LAUNCHIMAGE_NAME = LaunchImage;
				CODE_SIGN_IDENTITY = "iPhone Developer: Wim Haanstra (T225FD87AJ)";
				DEFINES_MODULE = YES;
				INFOPLIST_FILE = HCP/Info.plist;
				IPHONEOS_DEPLOYMENT_TARGET = 8.0;
				LD_RUNPATH_SEARCH_PATHS = "$(inherited) @executable_path/Frameworks";
				PRODUCT_NAME = "$(TARGET_NAME)";
				PROVISIONING_PROFILE = "a11d799a-9b0e-4e56-b296-c2b1a20a43a8";
				SWIFT_OBJC_BRIDGING_HEADER = "HCP/HCP-Bridging-Header.h";
				TARGETED_DEVICE_FAMILY = "1,2";
			};
			name = Debug;
		};
		ABEAC83B19A3D038004B309B /* Release */ = {
			isa = XCBuildConfiguration;
			baseConfigurationReference = A869C26219E34A47B566414F /* Pods.xcconfig */;
			buildSettings = {
				ASSETCATALOG_COMPILER_APPICON_NAME = AppIcon;
				ASSETCATALOG_COMPILER_LAUNCHIMAGE_NAME = LaunchImage;
				CODE_SIGN_IDENTITY = "iPhone Distribution: Wim Haanstra (VL6GQ32BN6)";
				DEFINES_MODULE = YES;
				INFOPLIST_FILE = HCP/Info.plist;
				IPHONEOS_DEPLOYMENT_TARGET = 8.0;
				LD_RUNPATH_SEARCH_PATHS = "$(inherited) @executable_path/Frameworks";
				PRODUCT_NAME = "$(TARGET_NAME)";
				PROVISIONING_PROFILE = "b923d088-73a8-456c-a044-eb00cd89bd82";
				SWIFT_OBJC_BRIDGING_HEADER = "HCP/HCP-Bridging-Header.h";
				TARGETED_DEVICE_FAMILY = "1,2";
			};
			name = Release;
		};
		ABEAC83D19A3D038004B309B /* Debug */ = {
			isa = XCBuildConfiguration;
			buildSettings = {
				BUNDLE_LOADER = "$(TEST_HOST)";
				FRAMEWORK_SEARCH_PATHS = (
					"$(SDKROOT)/Developer/Library/Frameworks",
					"$(inherited)",
				);
				GCC_PREPROCESSOR_DEFINITIONS = (
					"DEBUG=1",
					"$(inherited)",
				);
				INFOPLIST_FILE = HCPTests/Info.plist;
				LD_RUNPATH_SEARCH_PATHS = "$(inherited) @executable_path/Frameworks @loader_path/Frameworks";
				PRODUCT_NAME = "$(TARGET_NAME)";
				TEST_HOST = "$(BUILT_PRODUCTS_DIR)/HCP.app/HCP";
			};
			name = Debug;
		};
		ABEAC83E19A3D038004B309B /* Release */ = {
			isa = XCBuildConfiguration;
			buildSettings = {
				BUNDLE_LOADER = "$(TEST_HOST)";
				FRAMEWORK_SEARCH_PATHS = (
					"$(SDKROOT)/Developer/Library/Frameworks",
					"$(inherited)",
				);
				INFOPLIST_FILE = HCPTests/Info.plist;
				LD_RUNPATH_SEARCH_PATHS = "$(inherited) @executable_path/Frameworks @loader_path/Frameworks";
				PRODUCT_NAME = "$(TARGET_NAME)";
				TEST_HOST = "$(BUILT_PRODUCTS_DIR)/HCP.app/HCP";
			};
			name = Release;
		};
/* End XCBuildConfiguration section */

/* Begin XCConfigurationList section */
		ABEAC81519A3D038004B309B /* Build configuration list for PBXProject "HCP" */ = {
			isa = XCConfigurationList;
			buildConfigurations = (
				ABEAC83719A3D038004B309B /* Debug */,
				ABEAC83819A3D038004B309B /* Release */,
			);
			defaultConfigurationIsVisible = 0;
			defaultConfigurationName = Release;
		};
		ABEAC83919A3D038004B309B /* Build configuration list for PBXNativeTarget "HCP" */ = {
			isa = XCConfigurationList;
			buildConfigurations = (
				ABEAC83A19A3D038004B309B /* Debug */,
				ABEAC83B19A3D038004B309B /* Release */,
			);
			defaultConfigurationIsVisible = 0;
			defaultConfigurationName = Release;
		};
		ABEAC83C19A3D038004B309B /* Build configuration list for PBXNativeTarget "HCPTests" */ = {
			isa = XCConfigurationList;
			buildConfigurations = (
				ABEAC83D19A3D038004B309B /* Debug */,
				ABEAC83E19A3D038004B309B /* Release */,
			);
			defaultConfigurationIsVisible = 0;
			defaultConfigurationName = Release;
		};
/* End XCConfigurationList section */

/* Begin XCVersionGroup section */
		AB0A66C319BAD6A900553CDC /* HCP.xcdatamodeld */ = {
			isa = XCVersionGroup;
			children = (
				AB0A66C419BAD6A900553CDC /* HCP.xcdatamodel */,
			);
			currentVersion = AB0A66C419BAD6A900553CDC /* HCP.xcdatamodel */;
			path = HCP.xcdatamodeld;
			sourceTree = "<group>";
			versionGroupType = wrapper.xcdatamodel;
		};
/* End XCVersionGroup section */
	};
	rootObject = ABEAC81219A3D038004B309B /* Project object */;
}
