PODS:
  - ADFlipTransition (0.9.1)
  - AFNetworking (2.3.1):
    - AFNetworking/NSURLConnection
    - AFNetworking/NSURLSession
    - AFNetworking/Reachability
    - AFNetworking/Security
    - AFNetworking/Serialization
    - AFNetworking/UIKit
  - AFNetworking/NSURLConnection (2.3.1):
    - AFNetworking/Reachability
    - AFNetworking/Security
    - AFNetworking/Serialization
  - AFNetworking/NSURLSession (2.3.1):
    - AFNetworking/Reachability
    - AFNetworking/Security
    - AFNetworking/Serialization
  - AFNetworking/Reachability (2.3.1)
  - AFNetworking/Security (2.3.1)
  - AFNetworking/Serialization (2.3.1)
  - AFNetworking/UIKit (2.3.1):
    - AFNetworking/NSURLConnection
    - AFNetworking/NSURLSession
  - Classy (0.2.4)
  - DZNSegmentedControl (1.2)
  - FXForms (1.1.6)
  - LXReorderableCollectionViewFlowLayout (0.1.1)
  - MagicalRecord/Shorthand (2.3.0-beta.3)
  - PureLayout (1.1.0)
  - UICKeyChainStore (1.0.5)

DEPENDENCIES:
  - ADFlipTransition (from `https://github.com/depl0y/ADFlipTransition`)
  - AFNetworking (~> 2.0)
  - Classy (~> 0.2.4)
  - DZNSegmentedControl
  - FXForms (from `https://github.com/nicklockwood/FXForms.git`)
  - LXReorderableCollectionViewFlowLayout
  - MagicalRecord/Shorthand (from `https://github.com/magicalpanda/MagicalRecord.git`)
  - PureLayout
  - UICKeyChainStore

EXTERNAL SOURCES:
  ADFlipTransition:
    :git: https://github.com/depl0y/ADFlipTransition
  FXForms:
    :git: https://github.com/nicklockwood/FXForms.git
  MagicalRecord:
    :git: https://github.com/magicalpanda/MagicalRecord.git

SPEC CHECKSUMS:
  ADFlipTransition: 7d6a85649a48aec6bde516e62c36e2911d725fad
  AFNetworking: 6d7b76aa5d04c8c37daad3eef4b7e3f2a7620da3
  Classy: 8c8f835d51e20d25e9cce0d864fba5bf1cef6070
  DZNSegmentedControl: 8b99ddb1c7dfa311422aae027d3f64aa3d7315cb
  FXForms: d1c3fccab32a6702430b14808f7b46061008a4a9
  LXReorderableCollectionViewFlowLayout: b4e25543263e27d4c147109ae5ead01cc9119f23
  MagicalRecord: 23dfe0350eab4767cc1ce7d247af4e4cd54ee72c
  PureLayout: c8960fa0f3b40d849d5e177d699d0148faa63b63
  UICKeyChainStore: 4f9719600cc70025064e26f28f1210bcfc3b0c35

COCOAPODS: 0.33.1
